
Microsoft Visual Studio Solution File, Format Version 12.00
# Visual Studio Version 17
VisualStudioVersion = 17.10.35004.147
MinimumVisualStudioVersion = 10.0.40219.1
Project("{FAE04EC0-301F-11D3-BF4B-00C04F79EFBC}") = "02", "02\02.csproj", "{DACE1A25-1E0A-4228-B28A-53098BB29A6B}"
EndProject
Project("{FAE04EC0-301F-11D3-BF4B-00C04F79EFBC}") = "03", "03\03.csproj", "{D3A289F2-9675-436F-A06E-CF820140A013}"
EndProject
Project("{FAE04EC0-301F-11D3-BF4B-00C04F79EFBC}") = "05", "05\05.csproj", "{F8C6BE22-CDCD-43FF-8765-0E6BE8BFD6A5}"
EndProject
Global
	GlobalSection(SolutionConfigurationPlatforms) = preSolution
		Debug|Any CPU = Debug|Any CPU
		Release|Any CPU = Release|Any CPU
	EndGlobalSection
	GlobalSection(ProjectConfigurationPlatforms) = postSolution
		{DACE1A25-1E0A-4228-B28A-53098BB29A6B}.Debug|Any CPU.ActiveCfg = Debug|Any CPU
		{DACE1A25-1E0A-4228-B28A-53098BB29A6B}.Debug|Any CPU.Build.0 = Debug|Any CPU
		{DACE1A25-1E0A-4228-B28A-53098BB29A6B}.Release|Any CPU.ActiveCfg = Release|Any CPU
		{DACE1A25-1E0A-4228-B28A-53098BB29A6B}.Release|Any CPU.Build.0 = Release|Any CPU
		{D3A289F2-9675-436F-A06E-CF820140A013}.Debug|Any CPU.ActiveCfg = Debug|Any CPU
		{D3A289F2-9675-436F-A06E-CF820140A013}.Debug|Any CPU.Build.0 = Debug|Any CPU
		{D3A289F2-9675-436F-A06E-CF820140A013}.Release|Any CPU.ActiveCfg = Release|Any CPU
		{D3A289F2-9675-436F-A06E-CF820140A013}.Release|Any CPU.Build.0 = Release|Any CPU
		{F8C6BE22-CDCD-43FF-8765-0E6BE8BFD6A5}.Debug|Any CPU.ActiveCfg = Debug|Any CPU
		{F8C6BE22-CDCD-43FF-8765-0E6BE8BFD6A5}.Debug|Any CPU.Build.0 = Debug|Any CPU
		{F8C6BE22-CDCD-43FF-8765-0E6BE8BFD6A5}.Release|Any CPU.ActiveCfg = Release|Any CPU
		{F8C6BE22-CDCD-43FF-8765-0E6BE8BFD6A5}.Release|Any CPU.Build.0 = Release|Any CPU
	EndGlobalSection
	GlobalSection(SolutionProperties) = preSolution
		HideSolutionNode = FALSE
	EndGlobalSection
	GlobalSection(ExtensibilityGlobals) = postSolution
		SolutionGuid = {6236A4D8-BC6E-43EB-9D19-05C7F9117B53}
	EndGlobalSection
EndGlobal
